{
  "name": "zenn-doc",
  "version": "1.0.0",
  "lockfileVersion": 2,
  "requires": true,
  "packages": {
    "": {
      "name": "zenn-doc",
      "version": "1.0.0",
      "license": "ISC",
      "dependencies": {
        "zenn-cli": "^0.1.121"
      }
    },
    "node_modules/zenn-cli": {
      "version": "0.1.121",
      "resolved": "https://registry.npmjs.org/zenn-cli/-/zenn-cli-0.1.121.tgz",
      "integrity": "sha512-u17cJ6dOlqMB3lNzdK6br4QHBKFa5eq7LM9q0/g2nhJqiwzmjONzwQAo43CpBoL8RQ4abm97vI2Q3clwgema/w==",
      "bin": {
        "zenn": "dist/server/zenn.js"
      },
      "engines": {
        "node": ">=14.0.0"
      }
    }
  },
  "dependencies": {
    "zenn-cli": {
      "version": "0.1.121",
      "resolved": "https://registry.npmjs.org/zenn-cli/-/zenn-cli-0.1.121.tgz",
      "integrity": "sha512-u17cJ6dOlqMB3lNzdK6br4QHBKFa5eq7LM9q0/g2nhJqiwzmjONzwQAo43CpBoL8RQ4abm97vI2Q3clwgema/w=="
    }
  }
}
